
Microsoft Visual Studio Solution File, Format Version 12.00
# Visual Studio Version 16
VisualStudioVersion = 16.0.29509.3
MinimumVisualStudioVersion = 10.0.40219.1
Project("{8BC9CEB8-8B4A-11D0-8D11-00A0C91BC942}") = "MxEngine", "src\MxEngine.vcxproj", "{24ACBC28-FA4F-49D7-9D69-31F578294414}"
EndProject
Project("{8BC9CEB8-8B4A-11D0-8D11-00A0C91BC942}") = "SandboxApplication", "SandboxApplication\SandboxApplication.vcxproj", "{B519E02C-F17F-40BF-A5DE-2FBD7B8B7AC9}"
	ProjectSection(ProjectDependencies) = postProject
		{24ACBC28-FA4F-49D7-9D69-31F578294414} = {24ACBC28-FA4F-49D7-9D69-31F578294414}
	EndProjectSection
EndProject
Project("{8BC9CEB8-8B4A-11D0-8D11-00A0C91BC942}") = "ProjectTemplate", "examples\ProjectTemplate\ProjectTemplate.vcxproj", "{0825AD39-8252-462B-AF7E-E7FAF8161FC6}"
	ProjectSection(ProjectDependencies) = postProject
		{24ACBC28-FA4F-49D7-9D69-31F578294414} = {24ACBC28-FA4F-49D7-9D69-31F578294414}
	EndProjectSection
EndProject
Project("{8BC9CEB8-8B4A-11D0-8D11-00A0C91BC942}") = "TestScreenShotCapture", "examples\TestScreenShotCapture\TestScreenShotCapture.vcxproj", "{35483F85-A2CD-4F6C-9877-62EA4B7433B1}"
	ProjectSection(ProjectDependencies) = postProject
		{24ACBC28-FA4F-49D7-9D69-31F578294414} = {24ACBC28-FA4F-49D7-9D69-31F578294414}
	EndProjectSection
EndProject
Global
	GlobalSection(SolutionConfigurationPlatforms) = preSolution
		Debug|x64 = Debug|x64
		Debug|x86 = Debug|x86
		Release|x64 = Release|x64
		Release|x86 = Release|x86
		Shipping|x64 = Shipping|x64
		Shipping|x86 = Shipping|x86
	EndGlobalSection
	GlobalSection(ProjectConfigurationPlatforms) = postSolution
		{24ACBC28-FA4F-49D7-9D69-31F578294414}.Debug|x64.ActiveCfg = Debug|x64
		{24ACBC28-FA4F-49D7-9D69-31F578294414}.Debug|x64.Build.0 = Debug|x64
		{24ACBC28-FA4F-49D7-9D69-31F578294414}.Debug|x86.ActiveCfg = Debug|Win32
		{24ACBC28-FA4F-49D7-9D69-31F578294414}.Debug|x86.Build.0 = Debug|Win32
		{24ACBC28-FA4F-49D7-9D69-31F578294414}.Release|x64.ActiveCfg = Release|x64
		{24ACBC28-FA4F-49D7-9D69-31F578294414}.Release|x64.Build.0 = Release|x64
		{24ACBC28-FA4F-49D7-9D69-31F578294414}.Release|x86.ActiveCfg = Release|Win32
		{24ACBC28-FA4F-49D7-9D69-31F578294414}.Release|x86.Build.0 = Release|Win32
		{24ACBC28-FA4F-49D7-9D69-31F578294414}.Shipping|x64.ActiveCfg = Shipping|x64
		{24ACBC28-FA4F-49D7-9D69-31F578294414}.Shipping|x64.Build.0 = Shipping|x64
		{24ACBC28-FA4F-49D7-9D69-31F578294414}.Shipping|x86.ActiveCfg = Shipping|Win32
		{24ACBC28-FA4F-49D7-9D69-31F578294414}.Shipping|x86.Build.0 = Shipping|Win32
		{B519E02C-F17F-40BF-A5DE-2FBD7B8B7AC9}.Debug|x64.ActiveCfg = Debug|x64
		{B519E02C-F17F-40BF-A5DE-2FBD7B8B7AC9}.Debug|x64.Build.0 = Debug|x64
		{B519E02C-F17F-40BF-A5DE-2FBD7B8B7AC9}.Debug|x86.ActiveCfg = Debug|Win32
		{B519E02C-F17F-40BF-A5DE-2FBD7B8B7AC9}.Debug|x86.Build.0 = Debug|Win32
		{B519E02C-F17F-40BF-A5DE-2FBD7B8B7AC9}.Release|x64.ActiveCfg = Release|x64
		{B519E02C-F17F-40BF-A5DE-2FBD7B8B7AC9}.Release|x64.Build.0 = Release|x64
		{B519E02C-F17F-40BF-A5DE-2FBD7B8B7AC9}.Release|x86.ActiveCfg = Release|Win32
		{B519E02C-F17F-40BF-A5DE-2FBD7B8B7AC9}.Release|x86.Build.0 = Release|Win32
		{B519E02C-F17F-40BF-A5DE-2FBD7B8B7AC9}.Shipping|x64.ActiveCfg = Shipping|x64
		{B519E02C-F17F-40BF-A5DE-2FBD7B8B7AC9}.Shipping|x64.Build.0 = Shipping|x64
		{B519E02C-F17F-40BF-A5DE-2FBD7B8B7AC9}.Shipping|x86.ActiveCfg = Shipping|Win32
		{B519E02C-F17F-40BF-A5DE-2FBD7B8B7AC9}.Shipping|x86.Build.0 = Shipping|Win32
		{0825AD39-8252-462B-AF7E-E7FAF8161FC6}.Debug|x64.ActiveCfg = Debug|x64
		{0825AD39-8252-462B-AF7E-E7FAF8161FC6}.Debug|x64.Build.0 = Debug|x64
		{0825AD39-8252-462B-AF7E-E7FAF8161FC6}.Debug|x86.ActiveCfg = Debug|Win32
		{0825AD39-8252-462B-AF7E-E7FAF8161FC6}.Debug|x86.Build.0 = Debug|Win32
		{0825AD39-8252-462B-AF7E-E7FAF8161FC6}.Release|x64.ActiveCfg = Release|x64
		{0825AD39-8252-462B-AF7E-E7FAF8161FC6}.Release|x64.Build.0 = Release|x64
		{0825AD39-8252-462B-AF7E-E7FAF8161FC6}.Release|x86.ActiveCfg = Release|Win32
		{0825AD39-8252-462B-AF7E-E7FAF8161FC6}.Release|x86.Build.0 = Release|Win32
		{0825AD39-8252-462B-AF7E-E7FAF8161FC6}.Shipping|x64.ActiveCfg = Shipping|x64
		{0825AD39-8252-462B-AF7E-E7FAF8161FC6}.Shipping|x64.Build.0 = Shipping|x64
		{0825AD39-8252-462B-AF7E-E7FAF8161FC6}.Shipping|x86.ActiveCfg = Shipping|Win32
		{0825AD39-8252-462B-AF7E-E7FAF8161FC6}.Shipping|x86.Build.0 = Shipping|Win32
		{35483F85-A2CD-4F6C-9877-62EA4B7433B1}.Debug|x64.ActiveCfg = Debug|x64
		{35483F85-A2CD-4F6C-9877-62EA4B7433B1}.Debug|x64.Build.0 = Debug|x64
		{35483F85-A2CD-4F6C-9877-62EA4B7433B1}.Debug|x86.ActiveCfg = Debug|Win32
		{35483F85-A2CD-4F6C-9877-62EA4B7433B1}.Debug|x86.Build.0 = Debug|Win32
		{35483F85-A2CD-4F6C-9877-62EA4B7433B1}.Release|x64.ActiveCfg = Release|x64
		{35483F85-A2CD-4F6C-9877-62EA4B7433B1}.Release|x64.Build.0 = Release|x64
		{35483F85-A2CD-4F6C-9877-62EA4B7433B1}.Release|x86.ActiveCfg = Release|Win32
		{35483F85-A2CD-4F6C-9877-62EA4B7433B1}.Release|x86.Build.0 = Release|Win32
		{35483F85-A2CD-4F6C-9877-62EA4B7433B1}.Shipping|x64.ActiveCfg = Shipping|x64
		{35483F85-A2CD-4F6C-9877-62EA4B7433B1}.Shipping|x64.Build.0 = Shipping|x64
		{35483F85-A2CD-4F6C-9877-62EA4B7433B1}.Shipping|x86.ActiveCfg = Shipping|Win32
		{35483F85-A2CD-4F6C-9877-62EA4B7433B1}.Shipping|x86.Build.0 = Shipping|Win32
	EndGlobalSection
	GlobalSection(SolutionProperties) = preSolution
		HideSolutionNode = FALSE
	EndGlobalSection
	GlobalSection(ExtensibilityGlobals) = postSolution
		SolutionGuid = {0DC1A8AD-1E03-4F8A-B73A-754BAAC0D421}
	EndGlobalSection
EndGlobal
