<?xml version="1.0" encoding="utf-8"?>
<Project ToolsVersion="4.0" xmlns="http://schemas.microsoft.com/developer/msbuild/2003">
  <ItemGroup>
    <ClCompile Include="Sandbox.h" />
    <ClCompile Include="Sandbox.cpp" />
  </ItemGroup>
  <ItemGroup>
    <Object Include="Resources\objects\arc170.obj" />
    <Object Include="Resources\objects\crate.obj" />
    <Object Include="Resources\objects\grid.obj" />
    <Object Include="Resources\objects\death_star.obj" />
    <Object Include="Resources\objects\destroyer.obj" />
  </ItemGroup>
  <ItemGroup>
    <None Include="Resources\shaders\grid_vertex.glsl" />
    <None Include="Resources\shaders\mesh_vertex.glsl" />
    <None Include="Resources\shaders\object_fragment.glsl" />
    <None Include="Resources\shaders\object_vertex.glsl" />
    <None Include="Resources\shaders\mesh_fragment.glsl" />
    <None Include="Resources\shaders\grid_fragment.glsl" />
  </ItemGroup>
  <ItemGroup>
    <ClInclude Include="Objects\GridObject.h" />
    <ClInclude Include="Objects\Arc170Object.h" />
    <ClInclude Include="Objects\CubeObject.h" />
    <ClInclude Include="Objects\UserObjects.h" />
    <ClInclude Include="Objects\DestroyerObject.h" />
    <ClInclude Include="Objects\DeathStarObject.h" />
  </ItemGroup>
</Project>