<?xml version="1.0" encoding="utf-8"?>
<Project ToolsVersion="4.0" xmlns="http://schemas.microsoft.com/developer/msbuild/2003">
  <ItemGroup>
    <ClCompile Include="Sandbox.cpp" />
  </ItemGroup>
  <ItemGroup>
    <Object Include="Resources\objects\arc170.obj" />
    <Object Include="Resources\objects\crate.obj" />
    <Object Include="Resources\objects\grid.obj" />
    <Object Include="Resources\objects\death_star.obj" />
    <Object Include="Resources\objects\destroyer.obj" />
  </ItemGroup>
  <ItemGroup>
    <None Include="python36.dll" />
    <None Include="Resources\scripts\init.py" />
    <None Include="Resources\scripts\update.py" />
    <None Include="Resources\scripts\load.py" />
  </ItemGroup>
  <ItemGroup>
    <ClInclude Include="Sandbox.h" />
    <ClInclude Include="Gameplay\Arc170Object.h" />
    <ClInclude Include="Gameplay\CubeObject.h" />
    <ClInclude Include="Gameplay\DeathStarObject.h" />
    <ClInclude Include="Gameplay\DestroyerObject.h" />
    <ClInclude Include="Gameplay\SphereObject.h" />
    <ClInclude Include="Gameplay\UserObjects.h" />
    <ClInclude Include="Gameplay\SandboxScene.h" />
  </ItemGroup>
</Project>