<?xml version="1.0" encoding="utf-8"?>
<Project ToolsVersion="4.0" xmlns="http://schemas.microsoft.com/developer/msbuild/2003">
  <ItemGroup>
    <ClInclude Include="Core\Interfaces\IBindable.h" />
    <ClInclude Include="Core\OpenGL\GLObject\GLObject.h" />
    <ClInclude Include="Core\OpenGL\GLUtils\GLUtils.h" />
    <ClInclude Include="Core\OpenGL\IndexBuffer\IndexBuffer.h" />
    <ClInclude Include="Core\OpenGL\Shader\Shader.h" />
    <ClInclude Include="Core\OpenGL\Texture\Texture.h" />
    <ClInclude Include="Core\OpenGL\VertexArray\VertexArray.h" />
    <ClInclude Include="Core\OpenGL\VertexBuffer\VertexBuffer.h" />
    <ClInclude Include="Core\OpenGL\VertexBufferLayout\VertexBufferLayout.h" />
    <ClInclude Include="Core\Renderer\Renderer.h" />
    <ClInclude Include="Core\Window\Window.h" />
    <ClInclude Include="Utilities\ImageLoader\ImageLoader.h" />
    <ClInclude Include="Utilities\Logger\Logger.h" />
    <ClInclude Include="Utilities\SingletonHolder\SingletonHolder.h" />
    <ClInclude Include="Utilities\SingletonHolder\CreationPolicy.h" />
    <ClInclude Include="Utilities\Threading\ThreadingModel.h" />
    <ClInclude Include="Utilities\SingletonHolder\LifetimePolicy.h" />
    <ClInclude Include="Core\OpenGL\GLInitializer\GLInitializer.h" />
    <ClInclude Include="Core\Interfaces\IApplication.h" />
    <ClInclude Include="MomoEngine.h" />
    <ClInclude Include="MomoEngine\EntryPoint.h" />
    <ClInclude Include="Utilities\Memory\Memory.h" />
    <ClInclude Include="Utilities\Time\Time.h" />
    <ClInclude Include="Core\Interfaces\IDrawable.h" />
    <ClInclude Include="Core\Camera\Camera.h" />
    <ClInclude Include="Utilities\ObjectLoader\ObjectLoader.h" />
  </ItemGroup>
  <ItemGroup>
    <ClCompile Include="Core\OpenGL\GLObject\GLObject.cpp" />
    <ClCompile Include="Core\OpenGL\GLUtils\GLUtils.cpp" />
    <ClCompile Include="Core\OpenGL\IndexBuffer\IndexBuffer.cpp" />
    <ClCompile Include="Core\OpenGL\Shader\Shader.cpp" />
    <ClCompile Include="Core\OpenGL\Texture\Texture.cpp" />
    <ClCompile Include="Core\OpenGL\VertexArray\VertexArray.cpp" />
    <ClCompile Include="Core\OpenGL\VertexBuffer\VertexBuffer.cpp" />
    <ClCompile Include="Core\OpenGL\VertexBufferLayout\VertexBufferLayout.cpp" />
    <ClCompile Include="Core\Renderer\Renderer.cpp" />
    <ClCompile Include="Core\Window\Window.cpp" />
    <ClCompile Include="Utilities\ImageLoader\ImageLoader.cpp" />
    <ClCompile Include="Utilities\Logger\Logger.cpp" />
    <ClCompile Include="Core\OpenGL\GLInitializer\GLInitializer.cpp" />
    <ClCompile Include="Core\Interfaces\IApplication.cpp" />
    <ClCompile Include="Utilities\Time\Time.cpp" />
    <ClCompile Include="Core\Camera\Camera.cpp" />
    <ClCompile Include="Utilities\ObjectLoader\ObjectLoader.cpp" />
  </ItemGroup>
  <ItemGroup>
    <None Include="Resources\shaders\cube_fragment.glsl" />
    <None Include="Resources\shaders\cube_vertex.glsl" />
    <None Include="Resources\shaders\fragment.glsl" />
    <None Include="Resources\shaders\line_vertex.glsl" />
    <None Include="Resources\shaders\mesh_vertex.glsl" />
    <None Include="Resources\shaders\object_vertex.glsl" />
    <None Include="Resources\shaders\object_fragment.glsl" />
  </ItemGroup>
  <ItemGroup>
    <Object Include="Resources\objects\crate.obj" />
    <Object Include="Resources\objects\arc170.obj" />
  </ItemGroup>
  <ItemGroup>
    <Image Include="Resources\textures\crate.jpg" />
    <Image Include="Resources\textures\arc170.jpg" />
  </ItemGroup>
</Project>