<?xml version="1.0" encoding="utf-8"?>
<Project ToolsVersion="4.0" xmlns="http://schemas.microsoft.com/developer/msbuild/2003">
  <ItemGroup>
    <ClInclude Include="Utilities\ImageLoader\ImageLoader.h" />
    <ClInclude Include="Utilities\Logger\Logger.h" />
    <ClInclude Include="Utilities\SingletonHolder\SingletonHolder.h" />
    <ClInclude Include="Utilities\SingletonHolder\CreationPolicy.h" />
    <ClInclude Include="Utilities\Threading\ThreadingModel.h" />
    <ClInclude Include="Utilities\SingletonHolder\LifetimePolicy.h" />
    <ClInclude Include="Utilities\Memory\Memory.h" />
    <ClInclude Include="Utilities\Time\Time.h" />
    <ClInclude Include="Core\Interfaces\IDrawable.h" />
    <ClInclude Include="Utilities\ObjectLoader\ObjectLoader.h" />
    <ClInclude Include="Core\Material\Material.h" />
    <ClInclude Include="Core\Interfaces\IRenderable.h" />
    <ClInclude Include="Core\Interfaces\ICamera.h" />
    <ClInclude Include="Core\Camera\PerspectiveCamera.h" />
    <ClInclude Include="Core\Camera\OrthographicCamera.h" />
    <ClInclude Include="Core\Camera\CameraController.h" />
    <ClInclude Include="Utilities\EventDispatcher\EventDispatcher.h" />
    <ClInclude Include="Core\Event\KeyEvent.h" />
    <ClInclude Include="Core\Interfaces\IEvent.h" />
    <ClInclude Include="Core\Event\MouseEvent.h" />
    <ClInclude Include="Utilities\Math\Math.h" />
    <ClInclude Include="Core\Interfaces\GraphicAPI\VertexBuffer.h" />
    <ClInclude Include="Core\Interfaces\GraphicAPI\VertexBufferLayout.h" />
    <ClInclude Include="Core\Interfaces\GraphicAPI\VertexArray.h" />
    <ClInclude Include="Core\Interfaces\GraphicAPI\Shader.h" />
    <ClInclude Include="Core\Interfaces\GraphicAPI\IBindable.h" />
    <ClInclude Include="Core\Interfaces\GraphicAPI\IndexBuffer.h" />
    <ClInclude Include="Core\Interfaces\GraphicAPI\Texture.h" />
    <ClInclude Include="Platform\OpenGL\IndexBuffer\GLIndexBuffer.h" />
    <ClInclude Include="Platform\OpenGL\Shader\GLShader.h" />
    <ClInclude Include="Platform\OpenGL\Texture\GLTexture.h" />
    <ClInclude Include="Platform\OpenGL\VertexArray\GLVertexArray.h" />
    <ClInclude Include="Platform\OpenGL\VertexBuffer\GLVertexBuffer.h" />
    <ClInclude Include="Platform\OpenGL\VertexBufferLayout\GLVertexBufferLayout.h" />
    <ClInclude Include="Core\DeveloperConsole\DeveloperConsole.h" />
    <ClInclude Include="Utilities\ImGui\GraphicConsole.h" />
    <ClInclude Include="Utilities\Profiler\Profiler.h" />
    <ClInclude Include="Core\Application\Application.h" />
    <ClInclude Include="Platform\OpenGL\GLUtilities\GLUtilities.h" />
    <ClInclude Include="Core\Interfaces\GraphicAPI\GraphicModule.h" />
    <ClInclude Include="Platform\OpenGL\GraphicModule\GLGraphicModule.h" />
    <ClInclude Include="Core\Interfaces\GraphicAPI\Renderer.h" />
    <ClInclude Include="Platform\OpenGL\Renderer\GLRenderer.h" />
    <ClInclude Include="Core\RenderController\RenderController.h" />
    <ClInclude Include="Core\Interfaces\GraphicAPI\Window.h" />
    <ClInclude Include="Platform\OpenGL\Window\GLWindow.h" />
    <ClInclude Include="Core\Interfaces\GraphicAPI\GraphicFactory.h" />
    <ClInclude Include="Platform\OpenGL\GraphicFactory\GLGraphicFactory.h" />
    <ClInclude Include="Vendor\chaiscript_windows.hpp" />
    <ClInclude Include="MxEngine.h" />
    <ClInclude Include="Library\Bindings\InputBinding.h" />
    <ClInclude Include="Core\Interfaces\IMovable.h" />
    <ClInclude Include="Library\Scripting\ScriptEngine.h" />
    <ClInclude Include="Core\Event\RenderEvent.h" />
    <ClInclude Include="Core\Event\UpdateEvent.h" />
    <ClInclude Include="Library\Bindings\ConsoleBinding.h" />
    <ClInclude Include="Library\Bindings\AppCloseBinding.h" />
    <ClInclude Include="Library\Bindings\Bindings.h" />
    <ClInclude Include="Core\Event\FpsUpdateEvent.h" />
    <ClInclude Include="Core\Object\Object.h" />
    <ClInclude Include="Core\Object\RenderObject.h" />
  </ItemGroup>
  <ItemGroup>
    <ClCompile Include="Utilities\ImageLoader\ImageLoader.cpp" />
    <ClCompile Include="Utilities\Logger\Logger.cpp" />
    <ClCompile Include="Utilities\Time\Time.cpp" />
    <ClCompile Include="Utilities\ObjectLoader\ObjectLoader.cpp" />
    <ClCompile Include="Core\Camera\PerspectiveCamera.cpp" />
    <ClCompile Include="Core\Camera\OrthographicCamera.cpp" />
    <ClCompile Include="Core\Camera\CameraController.cpp" />
    <ClCompile Include="Platform\OpenGL\IndexBuffer\GLIndexBuffer.cpp" />
    <ClCompile Include="Platform\OpenGL\Shader\GLShader.cpp" />
    <ClCompile Include="Platform\OpenGL\Texture\GLTexture.cpp" />
    <ClCompile Include="Platform\OpenGL\VertexArray\GLVertexArray.cpp" />
    <ClCompile Include="Platform\OpenGL\VertexBuffer\GLVertexBuffer.cpp" />
    <ClCompile Include="Platform\OpenGL\VertexBufferLayout\GLVertexBufferLayout.cpp" />
    <ClCompile Include="Core\DeveloperConsole\DeveloperConsole.cpp" />
    <ClCompile Include="Utilities\ImGui\GraphicConsole.cpp" />
    <ClCompile Include="Utilities\Profiler\Profiler.cpp" />
    <ClCompile Include="Core\Application\Application.cpp" />
    <ClCompile Include="Platform\OpenGL\GLUtilities\GLUtilities.cpp" />
    <ClCompile Include="Platform\OpenGL\GraphicModule\GLGraphicModule.cpp" />
    <ClCompile Include="Platform\OpenGL\Renderer\GLRenderer.cpp" />
    <ClCompile Include="Core\RenderController\RenderController.cpp" />
    <ClCompile Include="Platform\OpenGL\Window\GLWindow.cpp" />
    <ClCompile Include="Core\Object\Object.cpp" />
    <ClCompile Include="Core\Object\RenderObject.cpp" />
  </ItemGroup>
  <ItemGroup>
    <None Include="Resources\shaders\cube_fragment.glsl" />
    <None Include="Resources\shaders\cube_vertex.glsl" />
    <None Include="Resources\shaders\fragment.glsl" />
    <None Include="Resources\shaders\line_vertex.glsl" />
    <None Include="Resources\shaders\mesh_vertex.glsl" />
    <None Include="Resources\shaders\object_vertex.glsl" />
    <None Include="Resources\shaders\object_fragment.glsl" />
  </ItemGroup>
  <ItemGroup>
    <Object Include="Resources\objects\crate.obj" />
    <Object Include="Resources\objects\arc170.obj" />
  </ItemGroup>
  <ItemGroup>
    <Image Include="Resources\textures\crate.jpg" />
    <Image Include="Resources\textures\arc170.jpg" />
  </ItemGroup>
</Project>